Microsoft Visual Studio Solution File, Format Version 12.00
# Visual Studio Version 17
VisualStudioVersion = 17.5.2.0
MinimumVisualStudioVersion = 10.0.40219.1
Project("{FAE04EC0-301F-11D3-BF4B-00C04F79EFBC}") = "Role-based-authentication", "Role-based-authentication.csproj", "{630BC657-AE28-6F70-E786-B9FD55959B7C}"
EndProject
Global
	GlobalSection(SolutionConfigurationPlatforms) = preSolution
		Debug|Any CPU = Debug|Any CPU
		Release|Any CPU = Release|Any CPU
	EndGlobalSection
	GlobalSection(ProjectConfigurationPlatforms) = postSolution
		{630BC657-AE28-6F70-E786-B9FD55959B7C}.Debug|Any CPU.ActiveCfg = Debug|Any CPU
		{630BC657-AE28-6F70-E786-B9FD55959B7C}.Debug|Any CPU.Build.0 = Debug|Any CPU
		{630BC657-AE28-6F70-E786-B9FD55959B7C}.Release|Any CPU.ActiveCfg = Release|Any CPU
		{630BC657-AE28-6F70-E786-B9FD55959B7C}.Release|Any CPU.Build.0 = Release|Any CPU
	EndGlobalSection
	GlobalSection(SolutionProperties) = preSolution
		HideSolutionNode = FALSE
	EndGlobalSection
	GlobalSection(ExtensibilityGlobals) = postSolution
		SolutionGuid = {7A421F0B-45CA-4BA3-AB5E-C996BDFA04E9}
	EndGlobalSection
EndGlobal
